
Microsoft Visual Studio Solution File, Format Version 12.00
# Visual Studio Version 17
VisualStudioVersion = 17.5.002.0
MinimumVisualStudioVersion = 10.0.40219.1
Project("{2150E333-8FDC-42A3-9474-1A3956D46DE8}") = "csharp", "csharp", "{00FBF98A-748D-462A-B8CE-AE90910F20B4}"
EndProject
Project("{9A19103F-16F7-4668-BE54-9A1E7A4F7556}") = "generics", "csharp\generics\generics.csproj", "{10833B09-5124-4FBA-8AC4-735BA3F3DD5B}"
EndProject
Global
	GlobalSection(SolutionConfigurationPlatforms) = preSolution
		Debug|Any CPU = Debug|Any CPU
		Release|Any CPU = Release|Any CPU
	EndGlobalSection
	GlobalSection(ProjectConfigurationPlatforms) = postSolution
		{10833B09-5124-4FBA-8AC4-735BA3F3DD5B}.Debug|Any CPU.ActiveCfg = Debug|Any CPU
		{10833B09-5124-4FBA-8AC4-735BA3F3DD5B}.Debug|Any CPU.Build.0 = Debug|Any CPU
		{10833B09-5124-4FBA-8AC4-735BA3F3DD5B}.Release|Any CPU.ActiveCfg = Release|Any CPU
		{10833B09-5124-4FBA-8AC4-735BA3F3DD5B}.Release|Any CPU.Build.0 = Release|Any CPU
	EndGlobalSection
	GlobalSection(SolutionProperties) = preSolution
		HideSolutionNode = FALSE
	EndGlobalSection
	GlobalSection(NestedProjects) = preSolution
		{10833B09-5124-4FBA-8AC4-735BA3F3DD5B} = {00FBF98A-748D-462A-B8CE-AE90910F20B4}
	EndGlobalSection
	GlobalSection(ExtensibilityGlobals) = postSolution
		SolutionGuid = {41B60CE8-3D9E-4D39-8907-3E85C64B49E8}
	EndGlobalSection
EndGlobal
